PODS:
  - ISArgumentParser (0.0.1):
    - ISUtilities (~> 1.1)
  - ISUtilities (1.1.2):
    - ISUtilities/UIKit+ISUtilities (= 1.1.2)

DEPENDENCIES:
  - ISArgumentParser (from `..`)

EXTERNAL SOURCES:
  ISArgumentParser:
    :path: ..

SPEC CHECKSUMS:
  ISArgumentParser: 454077275415fed2d3741c66c839f5c5c4701405
  ISUtilities: 54a87bc8a165765eaaaeb55b44b0ac8b4ed091dd

COCOAPODS: 0.35.0
